
Microsoft Visual Studio Solution File, Format Version 12.00
# Visual Studio Version 17
VisualStudioVersion = 17.0.31903.59
MinimumVisualStudioVersion = 10.0.40219.1
Project("{FAE04EC0-301F-11D3-BF4B-00C04F79EFBC}") = "ChatProApp", "ChatProApp\ChatProApp.csproj", "{A6DE11D7-5E31-41AF-9C24-0A7BE623DA54}"
EndProject
Project("{FAE04EC0-301F-11D3-BF4B-00C04F79EFBC}") = "ChatProTest", "ChatProTest\ChatProTest.csproj", "{79BB36FB-FF94-405D-9E09-05926D0739C2}"
EndProject
Global
	GlobalSection(SolutionConfigurationPlatforms) = preSolution
		Debug|Any CPU = Debug|Any CPU
		Release|Any CPU = Release|Any CPU
	EndGlobalSection
	GlobalSection(SolutionProperties) = preSolution
		HideSolutionNode = FALSE
	EndGlobalSection
	GlobalSection(ProjectConfigurationPlatforms) = postSolution
		{A6DE11D7-5E31-41AF-9C24-0A7BE623DA54}.Debug|Any CPU.ActiveCfg = Debug|Any CPU
		{A6DE11D7-5E31-41AF-9C24-0A7BE623DA54}.Debug|Any CPU.Build.0 = Debug|Any CPU
		{A6DE11D7-5E31-41AF-9C24-0A7BE623DA54}.Release|Any CPU.ActiveCfg = Release|Any CPU
		{A6DE11D7-5E31-41AF-9C24-0A7BE623DA54}.Release|Any CPU.Build.0 = Release|Any CPU
		{79BB36FB-FF94-405D-9E09-05926D0739C2}.Debug|Any CPU.ActiveCfg = Debug|Any CPU
		{79BB36FB-FF94-405D-9E09-05926D0739C2}.Debug|Any CPU.Build.0 = Debug|Any CPU
		{79BB36FB-FF94-405D-9E09-05926D0739C2}.Release|Any CPU.ActiveCfg = Release|Any CPU
		{79BB36FB-FF94-405D-9E09-05926D0739C2}.Release|Any CPU.Build.0 = Release|Any CPU
	EndGlobalSection
EndGlobal
